{
  "name": "iota_lib_examples",
  "version": "0.0.1",
  "lockfileVersion": 1,
  "requires": true,
  "dependencies": {
    "@iota/bundle": {
      "version": "1.0.0-beta.5",
      "resolved": "https://registry.npmjs.org/@iota/bundle/-/bundle-1.0.0-beta.5.tgz",
      "integrity": "sha512-qH4l7kzuFNoC9mZCVUDJ2RguyEi4EBu9bbRieVeE7nvUQnxkPIp8At8aJu10OdMe1IfNLE1QK80TRQYSQkB4VA==",
      "requires": {
        "@iota/converter": "^1.0.0-beta.5",
        "@iota/kerl": "^1.0.0-beta.5",
        "@iota/pad": "^1.0.0-beta.5",
        "@iota/signing": "^1.0.0-beta.5"
      }
    },
    "@iota/bundle-validator": {
      "version": "1.0.0-beta.5",
      "resolved": "https://registry.npmjs.org/@iota/bundle-validator/-/bundle-validator-1.0.0-beta.5.tgz",
      "integrity": "sha512-8tvYi/e0CvkdyscQLLm80dF6eEGNTUX8jzfv+nTEodmkMqGPvCT4aO+A6xuRGDEwITdq1lWPhjHuTMO9EkR+hA==",
      "requires": {
        "@iota/converter": "^1.0.0-beta.5",
        "@iota/kerl": "^1.0.0-beta.5",
        "@iota/signing": "^1.0.0-beta.5",
        "@iota/transaction": "^1.0.0-beta.5",
        "@iota/transaction-converter": "^1.0.0-beta.5"
      }
    },
    "@iota/checksum": {
      "version": "1.0.0-beta.5",
      "resolved": "https://registry.npmjs.org/@iota/checksum/-/checksum-1.0.0-beta.5.tgz",
      "integrity": "sha512-JZb2oMD6TxkkQYMnb3nYphhXQ4Sb3N9D97yGwXj4dHm8Sl5hdjgj6HxSZqd8aTJuj2tC1xP0uHX4cAKnhZVeKg==",
      "requires": {
        "@iota/converter": "^1.0.0-beta.5",
        "@iota/kerl": "^1.0.0-beta.5"
      }
    },
    "@iota/converter": {
      "version": "1.0.0-beta.5",
      "resolved": "https://registry.npmjs.org/@iota/converter/-/converter-1.0.0-beta.5.tgz",
      "integrity": "sha512-lxhGOxc9Z4ea/cy5h65WMUp4bE+8w1QIaqPZ1SkpO0dGZF5bT8xwfj5eFhXPyOJ44FU9L1UN5cn2q2g8FTnjMw=="
    },
    "@iota/core": {
      "version": "1.0.0-beta.5",
      "resolved": "https://registry.npmjs.org/@iota/core/-/core-1.0.0-beta.5.tgz",
      "integrity": "sha512-OO5O5HAcdfsMQ/RpAcO48DA1noGlhun1KUKIFP+KWspU6E22wU4h1QkNys1E/uAMBDLBOznhobOKo9+yDn81BQ==",
      "requires": {
        "@iota/bundle": "^1.0.0-beta.5",
        "@iota/bundle-validator": "^1.0.0-beta.5",
        "@iota/checksum": "^1.0.0-beta.5",
        "@iota/converter": "^1.0.0-beta.5",
        "@iota/curl": "^1.0.0-beta.5",
        "@iota/http-client": "^1.0.0-beta.5",
        "@iota/kerl": "^1.0.0-beta.5",
        "@iota/pad": "^1.0.0-beta.5",
        "@iota/signing": "^1.0.0-beta.5",
        "@iota/transaction": "^1.0.0-beta.5",
        "@iota/transaction-converter": "^1.0.0-beta.5",
        "@types/bluebird": "^3.5.20",
        "bluebird": "^3.5.1"
      }
    },
    "@iota/curl": {
      "version": "1.0.0-beta.5",
      "resolved": "https://registry.npmjs.org/@iota/curl/-/curl-1.0.0-beta.5.tgz",
      "integrity": "sha512-ywZuy3n5A2EZH1L8IfGXfn2fct4H0jZdL0AcqBiD+uETZd9ewAToLPYnD5pVd6t2OnSzF8nuKpLGebwulmG5RQ=="
    },
    "@iota/http-client": {
      "version": "1.0.0-beta.5",
      "resolved": "https://registry.npmjs.org/@iota/http-client/-/http-client-1.0.0-beta.5.tgz",
      "integrity": "sha512-Utz0ZxNOLB7JNYB9BnYSizLJl5hAFKCzWBGJVDI11XtfnKyADNpXl0kVoAcnpMxpIZe4b8UW06uBbNM0UHj9cg==",
      "requires": {
        "@types/bluebird": "^3.5.20",
        "@types/isomorphic-fetch": "^0.0.34",
        "bluebird": "^3.5.1",
        "isomorphic-fetch": "^2.2.1"
      }
    },
    "@iota/kerl": {
      "version": "1.0.0-beta.5",
      "resolved": "https://registry.npmjs.org/@iota/kerl/-/kerl-1.0.0-beta.5.tgz",
      "integrity": "sha512-HHuqCYBbqf0tKiEv2hBGO1M3W5XmL+uPAQ6l+IJ+gHcTpovOVf2rEhhc+LXkwWTdIcTXcjZz6By7xI7hSLEWsg==",
      "requires": {
        "@types/crypto-js": "^3.1.38",
        "crypto-js": "^3.1.9-1"
      }
    },
    "@iota/pad": {
      "version": "1.0.0-beta.5",
      "resolved": "https://registry.npmjs.org/@iota/pad/-/pad-1.0.0-beta.5.tgz",
      "integrity": "sha512-jSqi8PfEhvEIG5c86rk27V24qxt0bOuhjSZJwtIBs5vllUI+an3gUT4Z8C1Ie5L21ML/HQUBkZ/2M1PusKgFrQ=="
    },
    "@iota/signing": {
      "version": "1.0.0-beta.5",
      "resolved": "https://registry.npmjs.org/@iota/signing/-/signing-1.0.0-beta.5.tgz",
      "integrity": "sha512-AFxx3vxr6kUEo3ZjV9jgS/LhdcJigfxcsgozj85RVCk9OVbxKjM3w814xGCN1O84Q1Wwgjqz7d0VG2boSD1fDQ==",
      "requires": {
        "@iota/converter": "^1.0.0-beta.5",
        "@iota/kerl": "^1.0.0-beta.5",
        "@iota/pad": "^1.0.0-beta.5"
      }
    },
    "@iota/transaction": {
      "version": "1.0.0-beta.5",
      "resolved": "https://registry.npmjs.org/@iota/transaction/-/transaction-1.0.0-beta.5.tgz",
      "integrity": "sha512-NQZ48KNlwT8oVATqtmFp0cuUN2pHWx+1TTEi9qMrJXqmlQLxWjsXQD0VJckjskYYdHzmdWdtvc3QnVs6Z1nTrQ==",
      "requires": {
        "@iota/converter": "^1.0.0-beta.5",
        "@iota/curl": "^1.0.0-beta.5"
      }
    },
    "@iota/transaction-converter": {
      "version": "1.0.0-beta.5",
      "resolved": "https://registry.npmjs.org/@iota/transaction-converter/-/transaction-converter-1.0.0-beta.5.tgz",
      "integrity": "sha512-foE9z4FXrFu2UwOZ4GITht2dTxRXBUGCqzb/oCsBVSV/baHc4t1xCHX5xfp+fgkmgE2OvHTDDD0Z/bKhDsKRyw==",
      "requires": {
        "@iota/converter": "^1.0.0-beta.5",
        "@iota/curl": "^1.0.0-beta.5",
        "@iota/pad": "^1.0.0-beta.5",
        "@iota/transaction": "^1.0.0-beta.5"
      }
    },
    "@iota/unit-converter": {
      "version": "1.0.0-beta.5",
      "resolved": "https://registry.npmjs.org/@iota/unit-converter/-/unit-converter-1.0.0-beta.5.tgz",
      "integrity": "sha512-BtRMwqfUJrkylZ5vDuTbG/VgBu3JAwGgo/LpryN7PuxuEV4gYs+H782fX2PRI0QZ76CiYvLVW+5efGfFJeDuTQ==",
      "requires": {
        "@types/bignumber.js": "^5.0.0",
        "bignumber.js": "^4.1.0"
      }
    },
    "@types/bignumber.js": {
      "version": "5.0.0",
      "resolved": "https://registry.npmjs.org/@types/bignumber.js/-/bignumber.js-5.0.0.tgz",
      "integrity": "sha512-0DH7aPGCClywOFaxxjE6UwpN2kQYe9LwuDQMv+zYA97j5GkOMo8e66LYT+a8JYU7jfmUFRZLa9KycxHDsKXJCA==",
      "requires": {
        "bignumber.js": "*"
      }
    },
    "@types/bluebird": {
      "version": "3.5.24",
      "resolved": "https://registry.npmjs.org/@types/bluebird/-/bluebird-3.5.24.tgz",
      "integrity": "sha512-YeQoDpq4Lm8ppSBqAnAeF/xy1cYp/dMTif2JFcvmAbETMRlvKHT2iLcWu+WyYiJO3b3Ivokwo7EQca/xfLVJmg=="
    },
    "@types/crypto-js": {
      "version": "3.1.43",
      "resolved": "https://registry.npmjs.org/@types/crypto-js/-/crypto-js-3.1.43.tgz",
      "integrity": "sha512-EHe/YKctU3IYNBsDmSOPX/7jLHPRlx8WaiDKSY9JCTnJ8XJeM4c0ZJvx+9Gxmr2s2ihI92R+3U/gNL1sq5oRuQ=="
    },
    "@types/isomorphic-fetch": {
      "version": "0.0.34",
      "resolved": "https://registry.npmjs.org/@types/isomorphic-fetch/-/isomorphic-fetch-0.0.34.tgz",
      "integrity": "sha1-PDSD5gbAQTeEOOlRRk8A5OYHBtY="
    },
    "array-uniq": {
      "version": "1.0.2",
      "resolved": "https://registry.npmjs.org/array-uniq/-/array-uniq-1.0.2.tgz",
      "integrity": "sha1-X8w3OSB3VyPP1k1lxkvvU7+eum0="
    },
    "bignumber.js": {
      "version": "4.1.0",
      "resolved": "https://registry.npmjs.org/bignumber.js/-/bignumber.js-4.1.0.tgz",
      "integrity": "sha512-eJzYkFYy9L4JzXsbymsFn3p54D+llV27oTQ+ziJG7WFRheJcNZilgVXMG0LoZtlQSKBsJdWtLFqOD0u+U0jZKA=="
    },
    "bluebird": {
      "version": "3.5.2",
      "resolved": "https://registry.npmjs.org/bluebird/-/bluebird-3.5.2.tgz",
      "integrity": "sha512-dhHTWMI7kMx5whMQntl7Vr9C6BvV10lFXDAasnqnrMYhXVCzzk6IO9Fo2L75jXHT07WrOngL1WDXOp+yYS91Yg=="
    },
    "crypto-js": {
      "version": "3.1.9-1",
      "resolved": "https://registry.npmjs.org/crypto-js/-/crypto-js-3.1.9-1.tgz",
      "integrity": "sha1-/aGedh/Ad+Af+/3G6f38WeiAbNg="
    },
    "encoding": {
      "version": "0.1.12",
      "resolved": "https://registry.npmjs.org/encoding/-/encoding-0.1.12.tgz",
      "integrity": "sha1-U4tm8+5izRq1HsMjgp0flIDHS+s=",
      "requires": {
        "iconv-lite": "~0.4.13"
      }
    },
    "iconv-lite": {
      "version": "0.4.24",
      "resolved": "https://registry.npmjs.org/iconv-lite/-/iconv-lite-0.4.24.tgz",
      "integrity": "sha512-v3MXnZAcvnywkTUEZomIActle7RXXeedOR31wwl7VlyoXO4Qi9arvSenNQWne1TcRwhCL1HwLI21bEqdpj8/rA==",
      "requires": {
        "safer-buffer": ">= 2.1.2 < 3"
      }
    },
    "is-stream": {
      "version": "1.1.0",
      "resolved": "https://registry.npmjs.org/is-stream/-/is-stream-1.1.0.tgz",
      "integrity": "sha1-EtSj3U5o4Lec6428hBc66A2RykQ="
    },
    "isomorphic-fetch": {
      "version": "2.2.1",
      "resolved": "https://registry.npmjs.org/isomorphic-fetch/-/isomorphic-fetch-2.2.1.tgz",
      "integrity": "sha1-YRrhrPFPXoH3KVB0coGf6XM1WKk=",
      "requires": {
        "node-fetch": "^1.0.1",
        "whatwg-fetch": ">=0.10.0"
      }
    },
    "node-fetch": {
      "version": "1.7.3",
      "resolved": "https://registry.npmjs.org/node-fetch/-/node-fetch-1.7.3.tgz",
      "integrity": "sha512-NhZ4CsKx7cYm2vSrBAr2PvFOe6sWDf0UYLRqA6svUYg7+/TSfVAu49jYC4BvQ4Sms9SZgdqGBgroqfDhJdTyKQ==",
      "requires": {
        "encoding": "^0.1.11",
        "is-stream": "^1.0.1"
      }
    },
    "randomstring": {
      "version": "1.1.5",
      "resolved": "https://registry.npmjs.org/randomstring/-/randomstring-1.1.5.tgz",
      "integrity": "sha1-bfBij3XL1ZMpMNn+OrTpVqGFGMM=",
      "requires": {
        "array-uniq": "1.0.2"
      }
    },
    "safer-buffer": {
      "version": "2.1.2",
      "resolved": "https://registry.npmjs.org/safer-buffer/-/safer-buffer-2.1.2.tgz",
      "integrity": "sha512-YZo3K82SD7Riyi0E1EQPojLz7kpepnSQI9IyPbHHg1XXXevb5dJI7tpyN2ADxGcQbHG7vcyRHk0cbwqcQriUtg=="
    },
    "whatwg-fetch": {
      "version": "2.0.4",
      "resolved": "https://registry.npmjs.org/whatwg-fetch/-/whatwg-fetch-2.0.4.tgz",
      "integrity": "sha512-dcQ1GWpOD/eEQ97k66aiEVpNnapVj90/+R+SXTPYGHpYBBypfKJEQjLrvMZ7YXbKm21gXd4NcuxUTjiv1YtLng=="
    }
  }
}
